
Microsoft Visual Studio Solution File, Format Version 12.00
# Visual Studio Version 17
VisualStudioVersion = 17.7.34024.191
MinimumVisualStudioVersion = 10.0.40219.1
Project("{8BC9CEB8-8B4A-11D0-8D11-00A0C91BC942}") = "EindOpdrachtOO", "EindOpdrachtOO.vcxproj", "{EFA1B8B2-26AD-43EA-AF35-1BEBB0784415}"
EndProject
Global
	GlobalSection(SolutionConfigurationPlatforms) = preSolution
		Debug|x64 = Debug|x64
		Debug|x86 = Debug|x86
		Release|x64 = Release|x64
		Release|x86 = Release|x86
	EndGlobalSection
	GlobalSection(ProjectConfigurationPlatforms) = postSolution
		{EFA1B8B2-26AD-43EA-AF35-1BEBB0784415}.Debug|x64.ActiveCfg = Debug|x64
		{EFA1B8B2-26AD-43EA-AF35-1BEBB0784415}.Debug|x64.Build.0 = Debug|x64
		{EFA1B8B2-26AD-43EA-AF35-1BEBB0784415}.Debug|x86.ActiveCfg = Debug|Win32
		{EFA1B8B2-26AD-43EA-AF35-1BEBB0784415}.Debug|x86.Build.0 = Debug|Win32
		{EFA1B8B2-26AD-43EA-AF35-1BEBB0784415}.Release|x64.ActiveCfg = Release|x64
		{EFA1B8B2-26AD-43EA-AF35-1BEBB0784415}.Release|x64.Build.0 = Release|x64
		{EFA1B8B2-26AD-43EA-AF35-1BEBB0784415}.Release|x86.ActiveCfg = Release|Win32
		{EFA1B8B2-26AD-43EA-AF35-1BEBB0784415}.Release|x86.Build.0 = Release|Win32
	EndGlobalSection
	GlobalSection(SolutionProperties) = preSolution
		HideSolutionNode = FALSE
	EndGlobalSection
	GlobalSection(ExtensibilityGlobals) = postSolution
		SolutionGuid = {1D2E6917-CF2D-4398-A739-DE7A0BB11967}
	EndGlobalSection
EndGlobal
